
Microsoft Visual Studio Solution File, Format Version 12.00
# Visual Studio 15
VisualStudioVersion = 15.0.26124.0
MinimumVisualStudioVersion = 15.0.26124.0
Project("{2150E333-8FDC-42A3-9474-1A3956D46DE8}") = "src", "src", "{7AAC5F76-3F0E-4082-B0CE-194AA2FB9442}"
EndProject
Project("{FAE04EC0-301F-11D3-BF4B-00C04F79EFBC}") = "Eventer", "src\Eventer\Eventer.csproj", "{0834D436-D68F-445B-886B-48212E6530D9}"
EndProject
Project("{2150E333-8FDC-42A3-9474-1A3956D46DE8}") = "tests", "tests", "{3B3C7818-C52D-427F-9614-ED113CA6FDED}"
EndProject
Project("{FAE04EC0-301F-11D3-BF4B-00C04F79EFBC}") = "Eventer.Tests", "tests\Eventer.Tests\Eventer.Tests.csproj", "{14C5C6C6-7230-488E-8B88-EA0CBEB85931}"
EndProject
Global
	GlobalSection(SolutionConfigurationPlatforms) = preSolution
		Debug|Any CPU = Debug|Any CPU
		Debug|x64 = Debug|x64
		Debug|x86 = Debug|x86
		Release|Any CPU = Release|Any CPU
		Release|x64 = Release|x64
		Release|x86 = Release|x86
	EndGlobalSection
	GlobalSection(SolutionProperties) = preSolution
		HideSolutionNode = FALSE
	EndGlobalSection
	GlobalSection(ProjectConfigurationPlatforms) = postSolution
		{0834D436-D68F-445B-886B-48212E6530D9}.Debug|Any CPU.ActiveCfg = Debug|Any CPU
		{0834D436-D68F-445B-886B-48212E6530D9}.Debug|Any CPU.Build.0 = Debug|Any CPU
		{0834D436-D68F-445B-886B-48212E6530D9}.Debug|x64.ActiveCfg = Debug|Any CPU
		{0834D436-D68F-445B-886B-48212E6530D9}.Debug|x64.Build.0 = Debug|Any CPU
		{0834D436-D68F-445B-886B-48212E6530D9}.Debug|x86.ActiveCfg = Debug|Any CPU
		{0834D436-D68F-445B-886B-48212E6530D9}.Debug|x86.Build.0 = Debug|Any CPU
		{0834D436-D68F-445B-886B-48212E6530D9}.Release|Any CPU.ActiveCfg = Release|Any CPU
		{0834D436-D68F-445B-886B-48212E6530D9}.Release|Any CPU.Build.0 = Release|Any CPU
		{0834D436-D68F-445B-886B-48212E6530D9}.Release|x64.ActiveCfg = Release|Any CPU
		{0834D436-D68F-445B-886B-48212E6530D9}.Release|x64.Build.0 = Release|Any CPU
		{0834D436-D68F-445B-886B-48212E6530D9}.Release|x86.ActiveCfg = Release|Any CPU
		{0834D436-D68F-445B-886B-48212E6530D9}.Release|x86.Build.0 = Release|Any CPU
		{14C5C6C6-7230-488E-8B88-EA0CBEB85931}.Debug|Any CPU.ActiveCfg = Debug|Any CPU
		{14C5C6C6-7230-488E-8B88-EA0CBEB85931}.Debug|Any CPU.Build.0 = Debug|Any CPU
		{14C5C6C6-7230-488E-8B88-EA0CBEB85931}.Debug|x64.ActiveCfg = Debug|Any CPU
		{14C5C6C6-7230-488E-8B88-EA0CBEB85931}.Debug|x64.Build.0 = Debug|Any CPU
		{14C5C6C6-7230-488E-8B88-EA0CBEB85931}.Debug|x86.ActiveCfg = Debug|Any CPU
		{14C5C6C6-7230-488E-8B88-EA0CBEB85931}.Debug|x86.Build.0 = Debug|Any CPU
		{14C5C6C6-7230-488E-8B88-EA0CBEB85931}.Release|Any CPU.ActiveCfg = Release|Any CPU
		{14C5C6C6-7230-488E-8B88-EA0CBEB85931}.Release|Any CPU.Build.0 = Release|Any CPU
		{14C5C6C6-7230-488E-8B88-EA0CBEB85931}.Release|x64.ActiveCfg = Release|Any CPU
		{14C5C6C6-7230-488E-8B88-EA0CBEB85931}.Release|x64.Build.0 = Release|Any CPU
		{14C5C6C6-7230-488E-8B88-EA0CBEB85931}.Release|x86.ActiveCfg = Release|Any CPU
		{14C5C6C6-7230-488E-8B88-EA0CBEB85931}.Release|x86.Build.0 = Release|Any CPU
	EndGlobalSection
	GlobalSection(NestedProjects) = preSolution
		{0834D436-D68F-445B-886B-48212E6530D9} = {7AAC5F76-3F0E-4082-B0CE-194AA2FB9442}
		{14C5C6C6-7230-488E-8B88-EA0CBEB85931} = {3B3C7818-C52D-427F-9614-ED113CA6FDED}
	EndGlobalSection
EndGlobal
